
Microsoft Visual Studio Solution File, Format Version 12.00
# Visual Studio Version 17
VisualStudioVersion = 17.5.33414.496
MinimumVisualStudioVersion = 10.0.40219.1
Project("{9A19103F-16F7-4668-BE54-9A1E7A4F7556}") = "ApiDemoChicote", "ApiDemoChicote\ApiDemoChicote.csproj", "{F8220EA9-7B02-4521-B6B3-BF844909AAEF}"
EndProject
Project("{9A19103F-16F7-4668-BE54-9A1E7A4F7556}") = "DataAccess", "DataAccess\DataAccess.csproj", "{1D036C5B-E92E-4179-9F10-DCEF7213D049}"
EndProject
Project("{9A19103F-16F7-4668-BE54-9A1E7A4F7556}") = "CoreServicesApp", "CoreServicesApp\CoreServicesApp.csproj", "{63365289-32A0-4E9E-B4AC-7DFE9B7F45E2}"
EndProject
Project("{FAE04EC0-301F-11D3-BF4B-00C04F79EFBC}") = "ExternalServiceApp", "ExternalServiceApp\ExternalServiceApp.csproj", "{11F55AEE-A671-46D5-9741-2816ADA965A7}"
EndProject
Global
	GlobalSection(SolutionConfigurationPlatforms) = preSolution
		Debug|Any CPU = Debug|Any CPU
		Release|Any CPU = Release|Any CPU
	EndGlobalSection
	GlobalSection(ProjectConfigurationPlatforms) = postSolution
		{F8220EA9-7B02-4521-B6B3-BF844909AAEF}.Debug|Any CPU.ActiveCfg = Debug|Any CPU
		{F8220EA9-7B02-4521-B6B3-BF844909AAEF}.Debug|Any CPU.Build.0 = Debug|Any CPU
		{F8220EA9-7B02-4521-B6B3-BF844909AAEF}.Release|Any CPU.ActiveCfg = Release|Any CPU
		{F8220EA9-7B02-4521-B6B3-BF844909AAEF}.Release|Any CPU.Build.0 = Release|Any CPU
		{1D036C5B-E92E-4179-9F10-DCEF7213D049}.Debug|Any CPU.ActiveCfg = Debug|Any CPU
		{1D036C5B-E92E-4179-9F10-DCEF7213D049}.Debug|Any CPU.Build.0 = Debug|Any CPU
		{1D036C5B-E92E-4179-9F10-DCEF7213D049}.Release|Any CPU.ActiveCfg = Release|Any CPU
		{1D036C5B-E92E-4179-9F10-DCEF7213D049}.Release|Any CPU.Build.0 = Release|Any CPU
		{63365289-32A0-4E9E-B4AC-7DFE9B7F45E2}.Debug|Any CPU.ActiveCfg = Debug|Any CPU
		{63365289-32A0-4E9E-B4AC-7DFE9B7F45E2}.Debug|Any CPU.Build.0 = Debug|Any CPU
		{63365289-32A0-4E9E-B4AC-7DFE9B7F45E2}.Release|Any CPU.ActiveCfg = Release|Any CPU
		{63365289-32A0-4E9E-B4AC-7DFE9B7F45E2}.Release|Any CPU.Build.0 = Release|Any CPU
		{11F55AEE-A671-46D5-9741-2816ADA965A7}.Debug|Any CPU.ActiveCfg = Debug|Any CPU
		{11F55AEE-A671-46D5-9741-2816ADA965A7}.Debug|Any CPU.Build.0 = Debug|Any CPU
		{11F55AEE-A671-46D5-9741-2816ADA965A7}.Release|Any CPU.ActiveCfg = Release|Any CPU
		{11F55AEE-A671-46D5-9741-2816ADA965A7}.Release|Any CPU.Build.0 = Release|Any CPU
	EndGlobalSection
	GlobalSection(SolutionProperties) = preSolution
		HideSolutionNode = FALSE
	EndGlobalSection
	GlobalSection(ExtensibilityGlobals) = postSolution
		SolutionGuid = {8EE4F84E-4B30-4146-B05F-595CE4EF6BB2}
	EndGlobalSection
EndGlobal
